
Microsoft Visual Studio Solution File, Format Version 12.00
Project("{FAE04EC0-301F-11D3-BF4B-00C04F79EFBC}") = "TestBuilder", "TestBuilder.csproj", "{E7A2C1A2-47BE-4C26-8CE6-E30D381930C4}"
EndProject
Global
	GlobalSection(SolutionConfigurationPlatforms) = preSolution
		Debug|Any CPU = Debug|Any CPU
		Release|Any CPU = Release|Any CPU
	EndGlobalSection
	GlobalSection(ProjectConfigurationPlatforms) = postSolution
		{E7A2C1A2-47BE-4C26-8CE6-E30D381930C4}.Debug|Any CPU.ActiveCfg = Debug|Any CPU
		{E7A2C1A2-47BE-4C26-8CE6-E30D381930C4}.Debug|Any CPU.Build.0 = Debug|Any CPU
		{E7A2C1A2-47BE-4C26-8CE6-E30D381930C4}.Release|Any CPU.ActiveCfg = Release|Any CPU
		{E7A2C1A2-47BE-4C26-8CE6-E30D381930C4}.Release|Any CPU.Build.0 = Release|Any CPU
	EndGlobalSection
EndGlobal
